<?xml version="1.0" encoding="utf-8"?>
<Project ToolsVersion="4.0" xmlns="http://schemas.microsoft.com/developer/msbuild/2003">
  <ItemGroup>
    <Filter Include="Source Files">
      <UniqueIdentifier>{4FC737F1-C7A5-4376-A066-2A32D752A2FF}</UniqueIdentifier>
      <Extensions>cpp;c;cc;cxx;def;odl;idl;hpj;bat;asm;asmx</Extensions>
    </Filter>
    <Filter Include="Header Files">
      <UniqueIdentifier>{93995380-89BD-4b04-88EB-625FBE52EBFB}</UniqueIdentifier>
      <Extensions>h;hh;hpp;hxx;hm;inl;inc;xsd</Extensions>
    </Filter>
    <Filter Include="Resource Files">
      <UniqueIdentifier>{67DA6AB6-F800-4c08-8B7A-83BB121AAD01}</UniqueIdentifier>
      <Extensions>rc;ico;cur;bmp;dlg;rc2;rct;bin;rgs;gif;jpg;jpeg;jpe;resx;tiff;tif;png;wav;mfcribbon-ms</Extensions>
    </Filter>
  </ItemGroup>
  <ItemGroup>
    <ClCompile Include="GlobalChar.cpp">
      <Filter>Source Files</Filter>
    </ClCompile>
    <ClCompile Include="MyForm.cpp">
      <Filter>Source Files</Filter>
    </ClCompile>
    <ClCompile Include="Basic.cpp">
      <Filter>Source Files</Filter>
    </ClCompile>
  </ItemGroup>
  <ItemGroup>
    <ClInclude Include="TestInterface.h">
      <Filter>Header Files</Filter>
    </ClInclude>
    <ClInclude Include="IngredientsLabel.h">
      <Filter>Header Files</Filter>
    </ClInclude>
    <ClInclude Include="iMESSetup.h">
      <Filter>Header Files</Filter>
    </ClInclude>
    <ClInclude Include="Basic.h">
      <Filter>Header Files</Filter>
    </ClInclude>
    <ClInclude Include="MachineStatus.h">
      <Filter>Header Files</Filter>
    </ClInclude>
    <ClInclude Include="WebService.h">
      <Filter>Header Files</Filter>
    </ClInclude>
    <ClInclude Include="TestedBoardInfo.h">
      <Filter>Header Files</Filter>
    </ClInclude>
    <ClInclude Include="ManageEmployees.h">
      <Filter>Header Files</Filter>
    </ClInclude>
    <ClInclude Include="ChangePassword.h">
      <Filter>Header Files</Filter>
    </ClInclude>
    <ClInclude Include="SaveMachineStatusClass.h">
      <Filter>Header Files</Filter>
    </ClInclude>
    <ClInclude Include="Global_MachineStatus.h">
      <Filter>Header Files</Filter>
    </ClInclude>
    <ClInclude Include="iMESMainForm.h">
      <Filter>Header Files</Filter>
    </ClInclude>
    <ClInclude Include="PSSocket.h">
      <Filter>Header Files</Filter>
    </ClInclude>
    <ClInclude Include="ParameterServerSocket.h">
      <Filter>Header Files</Filter>
    </ClInclude>
    <ClInclude Include="WipEntityLogFileStreamWriter.h">
      <Filter>Header Files</Filter>
    </ClInclude>
    <ClInclude Include="LotDataUpload.h">
      <Filter>Header Files</Filter>
    </ClInclude>
  </ItemGroup>
  <ItemGroup>
    <EmbeddedResource Include="TestInterface.resx">
      <Filter>Resource Files</Filter>
    </EmbeddedResource>
    <EmbeddedResource Include="iMESSetup.resx">
      <Filter>Resource Files</Filter>
    </EmbeddedResource>
    <EmbeddedResource Include="MachineStatus.resx">
      <Filter>Resource Files</Filter>
    </EmbeddedResource>
    <EmbeddedResource Include="ManageEmployees.resx">
      <Filter>Resource Files</Filter>
    </EmbeddedResource>
    <EmbeddedResource Include="ChangePassword.resx">
      <Filter>Resource Files</Filter>
    </EmbeddedResource>
    <EmbeddedResource Include="LotDataUpload.resx">
      <Filter>Resource Files</Filter>
    </EmbeddedResource>
  </ItemGroup>
  <ItemGroup>
    <ResourceCompile Include="iMES2.rc">
      <Filter>Resource Files</Filter>
    </ResourceCompile>
  </ItemGroup>
  <ItemGroup>
    <Image Include="..\ICON.ico">
      <Filter>Resource Files</Filter>
    </Image>
  </ItemGroup>
</Project>